// !$*UTF8*$!
{
	archiveVersion = 1;
	classes = {
	};
	objectVersion = 50;
	objects = {

/* Begin PBXBuildFile section */
		3D63244125AB8ADE00BD5FB3 /* iCalendactorApp.swift in Sources */ = {isa = PBXBuildFile; fileRef = 3D63244025AB8ADE00BD5FB3 /* iCalendactorApp.swift */; };
		3D63244325AB8ADE00BD5FB3 /* ContentView.swift in Sources */ = {isa = PBXBuildFile; fileRef = 3D63244225AB8ADE00BD5FB3 /* ContentView.swift */; };
		3D63244525AB8ADF00BD5FB3 /* Assets.xcassets in Resources */ = {isa = PBXBuildFile; fileRef = 3D63244425AB8ADF00BD5FB3 /* Assets.xcassets */; };
		3D63244825AB8ADF00BD5FB3 /* Preview Assets.xcassets in Resources */ = {isa = PBXBuildFile; fileRef = 3D63244725AB8ADF00BD5FB3 /* Preview Assets.xcassets */; };
		3D63245325AB8B3400BD5FB3 /* PermissionsView.swift in Sources */ = {isa = PBXBuildFile; fileRef = 3D63245225AB8B3400BD5FB3 /* PermissionsView.swift */; };
		3D63245725AB8C2800BD5FB3 /* CalendarView.swift in Sources */ = {isa = PBXBuildFile; fileRef = 3D63245625AB8C2800BD5FB3 /* CalendarView.swift */; };
		3D63245A25AB8C9F00BD5FB3 /* CalendarModel.swift in Sources */ = {isa = PBXBuildFile; fileRef = 3D63245925AB8C9F00BD5FB3 /* CalendarModel.swift */; };
		3D63245E25AB997000BD5FB3 /* SerializedEventsView.swift in Sources */ = {isa = PBXBuildFile; fileRef = 3D63245D25AB997000BD5FB3 /* SerializedEventsView.swift */; };
		3D77E90B25B52A330034A562 /* README.md in Resources */ = {isa = PBXBuildFile; fileRef = 3D77E90A25B52A320034A562 /* README.md */; };
		3D77E90F25B7F3440034A562 /* LocalNotificationManager.swift in Sources */ = {isa = PBXBuildFile; fileRef = 3D77E90E25B7F3440034A562 /* LocalNotificationManager.swift */; };
		3D77E91525BB8F570034A562 /* Localizable.stringsdict in Resources */ = {isa = PBXBuildFile; fileRef = 3D77E91725BB8F570034A562 /* Localizable.stringsdict */; };
/* End PBXBuildFile section */

/* Begin PBXFileReference section */
		3D63243D25AB8ADE00BD5FB3 /* iCalendactor.app */ = {isa = PBXFileReference; explicitFileType = wrapper.application; includeInIndex = 0; path = iCalendactor.app; sourceTree = BUILT_PRODUCTS_DIR; };
		3D63244025AB8ADE00BD5FB3 /* iCalendactorApp.swift */ = {isa = PBXFileReference; lastKnownFileType = sourcecode.swift; path = iCalendactorApp.swift; sourceTree = "<group>"; };
		3D63244225AB8ADE00BD5FB3 /* ContentView.swift */ = {isa = PBXFileReference; lastKnownFileType = sourcecode.swift; path = ContentView.swift; sourceTree = "<group>"; };
		3D63244425AB8ADF00BD5FB3 /* Assets.xcassets */ = {isa = PBXFileReference; lastKnownFileType = folder.assetcatalog; path = Assets.xcassets; sourceTree = "<group>"; };
		3D63244725AB8ADF00BD5FB3 /* Preview Assets.xcassets */ = {isa = PBXFileReference; lastKnownFileType = folder.assetcatalog; path = "Preview Assets.xcassets"; sourceTree = "<group>"; };
		3D63244925AB8ADF00BD5FB3 /* Info.plist */ = {isa = PBXFileReference; lastKnownFileType = text.plist.xml; path = Info.plist; sourceTree = "<group>"; };
		3D63244A25AB8ADF00BD5FB3 /* iCalendactor.entitlements */ = {isa = PBXFileReference; lastKnownFileType = text.plist.entitlements; path = iCalendactor.entitlements; sourceTree = "<group>"; };
		3D63245225AB8B3400BD5FB3 /* PermissionsView.swift */ = {isa = PBXFileReference; lastKnownFileType = sourcecode.swift; path = PermissionsView.swift; sourceTree = "<group>"; };
		3D63245625AB8C2800BD5FB3 /* CalendarView.swift */ = {isa = PBXFileReference; lastKnownFileType = sourcecode.swift; path = CalendarView.swift; sourceTree = "<group>"; };
		3D63245925AB8C9F00BD5FB3 /* CalendarModel.swift */ = {isa = PBXFileReference; lastKnownFileType = sourcecode.swift; path = CalendarModel.swift; sourceTree = "<group>"; };
		3D63245D25AB997000BD5FB3 /* SerializedEventsView.swift */ = {isa = PBXFileReference; lastKnownFileType = sourcecode.swift; path = SerializedEventsView.swift; sourceTree = "<group>"; };
		3D77E90A25B52A320034A562 /* README.md */ = {isa = PBXFileReference; fileEncoding = 4; lastKnownFileType = net.daringfireball.markdown; path = README.md; sourceTree = "<group>"; };
		3D77E90E25B7F3440034A562 /* LocalNotificationManager.swift */ = {isa = PBXFileReference; lastKnownFileType = sourcecode.swift; path = LocalNotificationManager.swift; sourceTree = "<group>"; };
		3D77E91625BB8F570034A562 /* en */ = {isa = PBXFileReference; lastKnownFileType = text.plist.stringsdict; name = en; path = en.lproj/Localizable.stringsdict; sourceTree = "<group>"; };
/* End PBXFileReference section */

/* Begin PBXFrameworksBuildPhase section */
		3D63243A25AB8ADE00BD5FB3 /* Frameworks */ = {
			isa = PBXFrameworksBuildPhase;
			buildActionMask = 2147483647;
			files = (
			);
			runOnlyForDeploymentPostprocessing = 0;
		};
/* End PBXFrameworksBuildPhase section */

/* Begin PBXGroup section */
		3D63243425AB8ADE00BD5FB3 = {
			isa = PBXGroup;
			children = (
				3D63243F25AB8ADE00BD5FB3 /* iCalendactor */,
				3D63243E25AB8ADE00BD5FB3 /* Products */,
			);
			sourceTree = "<group>";
		};
		3D63243E25AB8ADE00BD5FB3 /* Products */ = {
			isa = PBXGroup;
			children = (
				3D63243D25AB8ADE00BD5FB3 /* iCalendactor.app */,
			);
			name = Products;
			sourceTree = "<group>";
		};
		3D63243F25AB8ADE00BD5FB3 /* iCalendactor */ = {
			isa = PBXGroup;
			children = (
				3D63244025AB8ADE00BD5FB3 /* iCalendactorApp.swift */,
				3D63244225AB8ADE00BD5FB3 /* ContentView.swift */,
				3D63245225AB8B3400BD5FB3 /* PermissionsView.swift */,
				3D63245925AB8C9F00BD5FB3 /* CalendarModel.swift */,
				3D63245625AB8C2800BD5FB3 /* CalendarView.swift */,
				3D63245D25AB997000BD5FB3 /* SerializedEventsView.swift */,
				3D77E90A25B52A320034A562 /* README.md */,
				3D77E90E25B7F3440034A562 /* LocalNotificationManager.swift */,
				3D63244425AB8ADF00BD5FB3 /* Assets.xcassets */,
				3D63244925AB8ADF00BD5FB3 /* Info.plist */,
				3D63244A25AB8ADF00BD5FB3 /* iCalendactor.entitlements */,
				3D77E91725BB8F570034A562 /* Localizable.stringsdict */,
				3D63244625AB8ADF00BD5FB3 /* Preview Content */,
			);
			path = iCalendactor;
			sourceTree = "<group>";
		};
		3D63244625AB8ADF00BD5FB3 /* Preview Content */ = {
			isa = PBXGroup;
			children = (
				3D63244725AB8ADF00BD5FB3 /* Preview Assets.xcassets */,
			);
			path = "Preview Content";
			sourceTree = "<group>";
		};
/* End PBXGroup section */

/* Begin PBXNativeTarget section */
		3D63243C25AB8ADE00BD5FB3 /* iCalendactor */ = {
			isa = PBXNativeTarget;
			buildConfigurationList = 3D63244D25AB8ADF00BD5FB3 /* Build configuration list for PBXNativeTarget "iCalendactor" */;
			buildPhases = (
				3D63243925AB8ADE00BD5FB3 /* Sources */,
				3D63243A25AB8ADE00BD5FB3 /* Frameworks */,
				3D63243B25AB8ADE00BD5FB3 /* Resources */,
			);
			buildRules = (
			);
			dependencies = (
			);
			name = iCalendactor;
			productName = iCalendactor;
			productReference = 3D63243D25AB8ADE00BD5FB3 /* iCalendactor.app */;
			productType = "com.apple.product-type.application";
		};
/* End PBXNativeTarget section */

/* Begin PBXProject section */
		3D63243525AB8ADE00BD5FB3 /* Project object */ = {
			isa = PBXProject;
			attributes = {
				LastSwiftUpdateCheck = 1230;
				LastUpgradeCheck = 1230;
				TargetAttributes = {
					3D63243C25AB8ADE00BD5FB3 = {
						CreatedOnToolsVersion = 12.3;
					};
				};
			};
			buildConfigurationList = 3D63243825AB8ADE00BD5FB3 /* Build configuration list for PBXProject "iCalendactor" */;
			compatibilityVersion = "Xcode 9.3";
			developmentRegion = en;
			hasScannedForEncodings = 0;
			knownRegions = (
				en,
			);
			mainGroup = 3D63243425AB8ADE00BD5FB3;
			productRefGroup = 3D63243E25AB8ADE00BD5FB3 /* Products */;
			projectDirPath = "";
			projectRoot = "";
			targets = (
				3D63243C25AB8ADE00BD5FB3 /* iCalendactor */,
			);
		};
/* End PBXProject section */

/* Begin PBXResourcesBuildPhase section */
		3D63243B25AB8ADE00BD5FB3 /* Resources */ = {
			isa = PBXResourcesBuildPhase;
			buildActionMask = 2147483647;
			files = (
				3D77E90B25B52A330034A562 /* README.md in Resources */,
				3D77E91525BB8F570034A562 /* Localizable.stringsdict in Resources */,
				3D63244825AB8ADF00BD5FB3 /* Preview Assets.xcassets in Resources */,
				3D63244525AB8ADF00BD5FB3 /* Assets.xcassets in Resources */,
			);
			runOnlyForDeploymentPostprocessing = 0;
		};
/* End PBXResourcesBuildPhase section */

/* Begin PBXSourcesBuildPhase section */
		3D63243925AB8ADE00BD5FB3 /* Sources */ = {
			isa = PBXSourcesBuildPhase;
			buildActionMask = 2147483647;
			files = (
				3D77E90F25B7F3440034A562 /* LocalNotificationManager.swift in Sources */,
				3D63244325AB8ADE00BD5FB3 /* ContentView.swift in Sources */,
				3D63245E25AB997000BD5FB3 /* SerializedEventsView.swift in Sources */,
				3D63245A25AB8C9F00BD5FB3 /* CalendarModel.swift in Sources */,
				3D63245325AB8B3400BD5FB3 /* PermissionsView.swift in Sources */,
				3D63245725AB8C2800BD5FB3 /* CalendarView.swift in Sources */,
				3D63244125AB8ADE00BD5FB3 /* iCalendactorApp.swift in Sources */,
			);
			runOnlyForDeploymentPostprocessing = 0;
		};
/* End PBXSourcesBuildPhase section */

/* Begin PBXVariantGroup section */
		3D77E91725BB8F570034A562 /* Localizable.stringsdict */ = {
			isa = PBXVariantGroup;
			children = (
				3D77E91625BB8F570034A562 /* en */,
			);
			name = Localizable.stringsdict;
			sourceTree = "<group>";
		};
/* End PBXVariantGroup section */

/* Begin XCBuildConfiguration section */
		3D63244B25AB8ADF00BD5FB3 /* Debug */ = {
			isa = XCBuildConfiguration;
			buildSettings = {
				ALWAYS_SEARCH_USER_PATHS = NO;
				CLANG_ANALYZER_NONNULL = YES;
				CLANG_ANALYZER_NUMBER_OBJECT_CONVERSION = YES_AGGRESSIVE;
				CLANG_CXX_LANGUAGE_STANDARD = "gnu++14";
				CLANG_CXX_LIBRARY = "libc++";
				CLANG_ENABLE_MODULES = YES;
				CLANG_ENABLE_OBJC_ARC = YES;
				CLANG_ENABLE_OBJC_WEAK = YES;
				CLANG_WARN_BLOCK_CAPTURE_AUTORELEASING = YES;
				CLANG_WARN_BOOL_CONVERSION = YES;
				CLANG_WARN_COMMA = YES;
				CLANG_WARN_CONSTANT_CONVERSION = YES;
				CLANG_WARN_DEPRECATED_OBJC_IMPLEMENTATIONS = YES;
				CLANG_WARN_DIRECT_OBJC_ISA_USAGE = YES_ERROR;
				CLANG_WARN_DOCUMENTATION_COMMENTS = YES;
				CLANG_WARN_EMPTY_BODY = YES;
				CLANG_WARN_ENUM_CONVERSION = YES;
				CLANG_WARN_INFINITE_RECURSION = YES;
				CLANG_WARN_INT_CONVERSION = YES;
				CLANG_WARN_NON_LITERAL_NULL_CONVERSION = YES;
				CLANG_WARN_OBJC_IMPLICIT_RETAIN_SELF = YES;
				CLANG_WARN_OBJC_LITERAL_CONVERSION = YES;
				CLANG_WARN_OBJC_ROOT_CLASS = YES_ERROR;
				CLANG_WARN_QUOTED_INCLUDE_IN_FRAMEWORK_HEADER = YES;
				CLANG_WARN_RANGE_LOOP_ANALYSIS = YES;
				CLANG_WARN_STRICT_PROTOTYPES = YES;
				CLANG_WARN_SUSPICIOUS_MOVE = YES;
				CLANG_WARN_UNGUARDED_AVAILABILITY = YES_AGGRESSIVE;
				CLANG_WARN_UNREACHABLE_CODE = YES;
				CLANG_WARN__DUPLICATE_METHOD_MATCH = YES;
				COPY_PHASE_STRIP = NO;
				DEBUG_INFORMATION_FORMAT = dwarf;
				ENABLE_STRICT_OBJC_MSGSEND = YES;
				ENABLE_TESTABILITY = YES;
				GCC_C_LANGUAGE_STANDARD = gnu11;
				GCC_DYNAMIC_NO_PIC = NO;
				GCC_NO_COMMON_BLOCKS = YES;
				GCC_OPTIMIZATION_LEVEL = 0;
				GCC_PREPROCESSOR_DEFINITIONS = (
					"DEBUG=1",
					"$(inherited)",
				);
				GCC_WARN_64_TO_32_BIT_CONVERSION = YES;
				GCC_WARN_ABOUT_RETURN_TYPE = YES_ERROR;
				GCC_WARN_UNDECLARED_SELECTOR = YES;
				GCC_WARN_UNINITIALIZED_AUTOS = YES_AGGRESSIVE;
				GCC_WARN_UNUSED_FUNCTION = YES;
				GCC_WARN_UNUSED_VARIABLE = YES;
				MACOSX_DEPLOYMENT_TARGET = 11.1;
				MTL_ENABLE_DEBUG_INFO = INCLUDE_SOURCE;
				MTL_FAST_MATH = YES;
				ONLY_ACTIVE_ARCH = YES;
				SDKROOT = macosx;
				SWIFT_ACTIVE_COMPILATION_CONDITIONS = DEBUG;
				SWIFT_OPTIMIZATION_LEVEL = "-Onone";
			};
			name = Debug;
		};
		3D63244C25AB8ADF00BD5FB3 /* Release */ = {
			isa = XCBuildConfiguration;
			buildSettings = {
				ALWAYS_SEARCH_USER_PATHS = NO;
				CLANG_ANALYZER_NONNULL = YES;
				CLANG_ANALYZER_NUMBER_OBJECT_CONVERSION = YES_AGGRESSIVE;
				CLANG_CXX_LANGUAGE_STANDARD = "gnu++14";
				CLANG_CXX_LIBRARY = "libc++";
				CLANG_ENABLE_MODULES = YES;
				CLANG_ENABLE_OBJC_ARC = YES;
				CLANG_ENABLE_OBJC_WEAK = YES;
				CLANG_WARN_BLOCK_CAPTURE_AUTORELEASING = YES;
				CLANG_WARN_BOOL_CONVERSION = YES;
				CLANG_WARN_COMMA = YES;
				CLANG_WARN_CONSTANT_CONVERSION = YES;
				CLANG_WARN_DEPRECATED_OBJC_IMPLEMENTATIONS = YES;
				CLANG_WARN_DIRECT_OBJC_ISA_USAGE = YES_ERROR;
				CLANG_WARN_DOCUMENTATION_COMMENTS = YES;
				CLANG_WARN_EMPTY_BODY = YES;
				CLANG_WARN_ENUM_CONVERSION = YES;
				CLANG_WARN_INFINITE_RECURSION = YES;
				CLANG_WARN_INT_CONVERSION = YES;
				CLANG_WARN_NON_LITERAL_NULL_CONVERSION = YES;
				CLANG_WARN_OBJC_IMPLICIT_RETAIN_SELF = YES;
				CLANG_WARN_OBJC_LITERAL_CONVERSION = YES;
				CLANG_WARN_OBJC_ROOT_CLASS = YES_ERROR;
				CLANG_WARN_QUOTED_INCLUDE_IN_FRAMEWORK_HEADER = YES;
				CLANG_WARN_RANGE_LOOP_ANALYSIS = YES;
				CLANG_WARN_STRICT_PROTOTYPES = YES;
				CLANG_WARN_SUSPICIOUS_MOVE = YES;
				CLANG_WARN_UNGUARDED_AVAILABILITY = YES_AGGRESSIVE;
				CLANG_WARN_UNREACHABLE_CODE = YES;
				CLANG_WARN__DUPLICATE_METHOD_MATCH = YES;
				COPY_PHASE_STRIP = NO;
				DEBUG_INFORMATION_FORMAT = "dwarf-with-dsym";
				ENABLE_NS_ASSERTIONS = NO;
				ENABLE_STRICT_OBJC_MSGSEND = YES;
				GCC_C_LANGUAGE_STANDARD = gnu11;
				GCC_NO_COMMON_BLOCKS = YES;
				GCC_WARN_64_TO_32_BIT_CONVERSION = YES;
				GCC_WARN_ABOUT_RETURN_TYPE = YES_ERROR;
				GCC_WARN_UNDECLARED_SELECTOR = YES;
				GCC_WARN_UNINITIALIZED_AUTOS = YES_AGGRESSIVE;
				GCC_WARN_UNUSED_FUNCTION = YES;
				GCC_WARN_UNUSED_VARIABLE = YES;
				MACOSX_DEPLOYMENT_TARGET = 11.1;
				MTL_ENABLE_DEBUG_INFO = NO;
				MTL_FAST_MATH = YES;
				SDKROOT = macosx;
				SWIFT_COMPILATION_MODE = wholemodule;
				SWIFT_OPTIMIZATION_LEVEL = "-O";
			};
			name = Release;
		};
		3D63244E25AB8ADF00BD5FB3 /* Debug */ = {
			isa = XCBuildConfiguration;
			buildSettings = {
				ASSETCATALOG_COMPILER_APPICON_NAME = AppIcon;
				ASSETCATALOG_COMPILER_GLOBAL_ACCENT_COLOR_NAME = AccentColor;
				CODE_SIGN_ENTITLEMENTS = iCalendactor/iCalendactor.entitlements;
				CODE_SIGN_STYLE = Automatic;
				COMBINE_HIDPI_IMAGES = YES;
				DEVELOPMENT_ASSET_PATHS = "\"iCalendactor/Preview Content\"";
				ENABLE_PREVIEWS = YES;
				INFOPLIST_FILE = iCalendactor/Info.plist;
				LD_RUNPATH_SEARCH_PATHS = (
					"$(inherited)",
					"@executable_path/../Frameworks",
				);
				MACOSX_DEPLOYMENT_TARGET = 11.0;
				PRODUCT_BUNDLE_IDENTIFIER = com.ryanvarick.iCalendactor;
				PRODUCT_NAME = "$(TARGET_NAME)";
				SWIFT_VERSION = 5.0;
			};
			name = Debug;
		};
		3D63244F25AB8ADF00BD5FB3 /* Release */ = {
			isa = XCBuildConfiguration;
			buildSettings = {
				ASSETCATALOG_COMPILER_APPICON_NAME = AppIcon;
				ASSETCATALOG_COMPILER_GLOBAL_ACCENT_COLOR_NAME = AccentColor;
				CODE_SIGN_ENTITLEMENTS = iCalendactor/iCalendactor.entitlements;
				CODE_SIGN_STYLE = Automatic;
				COMBINE_HIDPI_IMAGES = YES;
				DEVELOPMENT_ASSET_PATHS = "\"iCalendactor/Preview Content\"";
				ENABLE_PREVIEWS = YES;
				INFOPLIST_FILE = iCalendactor/Info.plist;
				LD_RUNPATH_SEARCH_PATHS = (
					"$(inherited)",
					"@executable_path/../Frameworks",
				);
				MACOSX_DEPLOYMENT_TARGET = 11.0;
				PRODUCT_BUNDLE_IDENTIFIER = com.ryanvarick.iCalendactor;
				PRODUCT_NAME = "$(TARGET_NAME)";
				SWIFT_VERSION = 5.0;
			};
			name = Release;
		};
/* End XCBuildConfiguration section */

/* Begin XCConfigurationList section */
		3D63243825AB8ADE00BD5FB3 /* Build configuration list for PBXProject "iCalendactor" */ = {
			isa = XCConfigurationList;
			buildConfigurations = (
				3D63244B25AB8ADF00BD5FB3 /* Debug */,
				3D63244C25AB8ADF00BD5FB3 /* Release */,
			);
			defaultConfigurationIsVisible = 0;
			defaultConfigurationName = Release;
		};
		3D63244D25AB8ADF00BD5FB3 /* Build configuration list for PBXNativeTarget "iCalendactor" */ = {
			isa = XCConfigurationList;
			buildConfigurations = (
				3D63244E25AB8ADF00BD5FB3 /* Debug */,
				3D63244F25AB8ADF00BD5FB3 /* Release */,
			);
			defaultConfigurationIsVisible = 0;
			defaultConfigurationName = Release;
		};
/* End XCConfigurationList section */
	};
	rootObject = 3D63243525AB8ADE00BD5FB3 /* Project object */;
}
